
Microsoft Visual Studio Solution File, Format Version 12.00
# Visual Studio Version 17
VisualStudioVersion = 17.14.36109.1 d17.14
MinimumVisualStudioVersion = 10.0.40219.1
Project("{FAE04EC0-301F-11D3-BF4B-00C04F79EFBC}") = "WindowsFormsApp2", "WindowsFormsApp2.csproj", "{D4BA3B07-5B03-4F88-9829-1FC255BFE3E3}"
EndProject
Global
	GlobalSection(SolutionConfigurationPlatforms) = preSolution
		Debug|Any CPU = Debug|Any CPU
		Release|Any CPU = Release|Any CPU
	EndGlobalSection
	GlobalSection(ProjectConfigurationPlatforms) = postSolution
		{D4BA3B07-5B03-4F88-9829-1FC255BFE3E3}.Debug|Any CPU.ActiveCfg = Debug|Any CPU
		{D4BA3B07-5B03-4F88-9829-1FC255BFE3E3}.Debug|Any CPU.Build.0 = Debug|Any CPU
		{D4BA3B07-5B03-4F88-9829-1FC255BFE3E3}.Release|Any CPU.ActiveCfg = Release|Any CPU
		{D4BA3B07-5B03-4F88-9829-1FC255BFE3E3}.Release|Any CPU.Build.0 = Release|Any CPU
	EndGlobalSection
	GlobalSection(SolutionProperties) = preSolution
		HideSolutionNode = FALSE
	EndGlobalSection
	GlobalSection(ExtensibilityGlobals) = postSolution
		SolutionGuid = {0117F20B-9D10-43DC-9F25-CFD30D93120D}
	EndGlobalSection
EndGlobal
